// !$*UTF8*$!
{
	archiveVersion = 1;
	classes = {
	};
	objectVersion = 50;
	objects = {

/* Begin PBXBuildFile section */
		2509A95422F2E6C0008723AB /* Interface.storyboard in Resources */ = {isa = PBXBuildFile; fileRef = 2509A95222F2E6C0008723AB /* Interface.storyboard */; };
		2509A95622F2E6C1008723AB /* Assets.xcassets in Resources */ = {isa = PBXBuildFile; fileRef = 2509A95522F2E6C1008723AB /* Assets.xcassets */; };
		2509A95D22F2E6C1008723AB /* Quotes Watch Extension.appex in Embed App Extensions */ = {isa = PBXBuildFile; fileRef = 2509A95C22F2E6C1008723AB /* Quotes Watch Extension.appex */; settings = {ATTRIBUTES = (RemoveHeadersOnCopy, ); }; };
		2509A96222F2E6C1008723AB /* InterfaceController.swift in Sources */ = {isa = PBXBuildFile; fileRef = 2509A96122F2E6C1008723AB /* InterfaceController.swift */; };
		2509A96422F2E6C1008723AB /* ExtensionDelegate.swift in Sources */ = {isa = PBXBuildFile; fileRef = 2509A96322F2E6C1008723AB /* ExtensionDelegate.swift */; };
		2509A96622F2E6C1008723AB /* NotificationController.swift in Sources */ = {isa = PBXBuildFile; fileRef = 2509A96522F2E6C1008723AB /* NotificationController.swift */; };
		2509A96822F2E6C1008723AB /* Assets.xcassets in Resources */ = {isa = PBXBuildFile; fileRef = 2509A96722F2E6C1008723AB /* Assets.xcassets */; };
		2509A96D22F2E6C1008723AB /* Quotes Watch.app in Embed Watch Content */ = {isa = PBXBuildFile; fileRef = 2509A95022F2E6C0008723AB /* Quotes Watch.app */; };
		2509A97722F2E76F008723AB /* QuoteTableRowController.swift in Sources */ = {isa = PBXBuildFile; fileRef = 2509A97622F2E76F008723AB /* QuoteTableRowController.swift */; };
		250DD97C22F13AD00092BF34 /* SmallIconCollectionViewCell.xib in Resources */ = {isa = PBXBuildFile; fileRef = 250DD97A22F13AD00092BF34 /* SmallIconCollectionViewCell.xib */; };
		250DD97D22F13AD00092BF34 /* SmallIconCollectionViewCell.swift in Sources */ = {isa = PBXBuildFile; fileRef = 250DD97B22F13AD00092BF34 /* SmallIconCollectionViewCell.swift */; };
		250DD98722F15F080092BF34 /* UIImageExtension.swift in Sources */ = {isa = PBXBuildFile; fileRef = 250DD98622F15F080092BF34 /* UIImageExtension.swift */; };
		250DD98A22F15F300092BF34 /* UIColorExtension.swift in Sources */ = {isa = PBXBuildFile; fileRef = 250DD98922F15F300092BF34 /* UIColorExtension.swift */; };
		250DD98E22F172F90092BF34 /* EditQuoteViewController.swift in Sources */ = {isa = PBXBuildFile; fileRef = 250DD98D22F172F90092BF34 /* EditQuoteViewController.swift */; };
		250DD99622F1771A0092BF34 /* QuoteActionSheetService.swift in Sources */ = {isa = PBXBuildFile; fileRef = 250DD99522F177190092BF34 /* QuoteActionSheetService.swift */; };
		250DD99822F17AFC0092BF34 /* EditQuoteStoryboard.storyboard in Resources */ = {isa = PBXBuildFile; fileRef = 250DD99722F17AFC0092BF34 /* EditQuoteStoryboard.storyboard */; };
		250DD99A22F183CD0092BF34 /* MoveCollectionStoryboard.storyboard in Resources */ = {isa = PBXBuildFile; fileRef = 250DD99922F183CD0092BF34 /* MoveCollectionStoryboard.storyboard */; };
		250DD99C22F183E30092BF34 /* MoveCollectionViewController.swift in Sources */ = {isa = PBXBuildFile; fileRef = 250DD99B22F183E30092BF34 /* MoveCollectionViewController.swift */; };
		250DD99F22F1848D0092BF34 /* AddCollectionFromMoveViewController.swift in Sources */ = {isa = PBXBuildFile; fileRef = 250DD99E22F1848D0092BF34 /* AddCollectionFromMoveViewController.swift */; };
		250DD9A322F19BA20092BF34 /* MoveCollectionService.swift in Sources */ = {isa = PBXBuildFile; fileRef = 250DD9A222F19BA20092BF34 /* MoveCollectionService.swift */; };
		250DD9A822F1BF2A0092BF34 /* CollectionActionSheetService.swift in Sources */ = {isa = PBXBuildFile; fileRef = 250DD9A722F1BF2A0092BF34 /* CollectionActionSheetService.swift */; };
		250DD9AA22F1C0E20092BF34 /* CollectionActionSheetViewController.swift in Sources */ = {isa = PBXBuildFile; fileRef = 250DD9A922F1C0E20092BF34 /* CollectionActionSheetViewController.swift */; };
		250DD9AC22F1C38E0092BF34 /* EditCollectionViewController+CollectionView.swift in Sources */ = {isa = PBXBuildFile; fileRef = 250DD9AB22F1C38E0092BF34 /* EditCollectionViewController+CollectionView.swift */; };
		250DD9AE22F1C44F0092BF34 /* CollectionActionSheetStoryboard.storyboard in Resources */ = {isa = PBXBuildFile; fileRef = 250DD9AD22F1C44F0092BF34 /* CollectionActionSheetStoryboard.storyboard */; };
		250DD9B122F1E3970092BF34 /* CollectionTableViewCell.swift in Sources */ = {isa = PBXBuildFile; fileRef = 250DD9B022F1E3970092BF34 /* CollectionTableViewCell.swift */; };
		2516C26C22F32302001C15B3 /* QuoteWatchModel.swift in Sources */ = {isa = PBXBuildFile; fileRef = 2516C26B22F32302001C15B3 /* QuoteWatchModel.swift */; };
		2516C26E22F3234E001C15B3 /* QuoteSectionModel.swift in Sources */ = {isa = PBXBuildFile; fileRef = 2516C26D22F3234E001C15B3 /* QuoteSectionModel.swift */; };
		251978E422F32E7A00694308 /* ColorThemeModel.swift in Sources */ = {isa = PBXBuildFile; fileRef = 251978E322F32E7A00694308 /* ColorThemeModel.swift */; };
		251E18B622EB41A700DEE0F3 /* FavouriteAnimator.swift in Sources */ = {isa = PBXBuildFile; fileRef = 251E18B522EB41A700DEE0F3 /* FavouriteAnimator.swift */; };
		252782DF22EEDE4500643736 /* QuoteViewController+SearchBar.swift in Sources */ = {isa = PBXBuildFile; fileRef = 252782DE22EEDE4500643736 /* QuoteViewController+SearchBar.swift */; };
		252782E122EEE63300643736 /* QuoteViewController+Drag.swift in Sources */ = {isa = PBXBuildFile; fileRef = 252782E022EEE63300643736 /* QuoteViewController+Drag.swift */; };
		252782E322EEE63F00643736 /* QuoteViewController+Drop.swift in Sources */ = {isa = PBXBuildFile; fileRef = 252782E222EEE63F00643736 /* QuoteViewController+Drop.swift */; };
		252782E622EF3E8C00643736 /* CollectionQuoteViewController+Drop.swift in Sources */ = {isa = PBXBuildFile; fileRef = 252782E522EF3E8C00643736 /* CollectionQuoteViewController+Drop.swift */; };
		252782E722EF3E8C00643736 /* CollectionQuoteViewController+Drag.swift in Sources */ = {isa = PBXBuildFile; fileRef = 252782E422EF3E8C00643736 /* CollectionQuoteViewController+Drag.swift */; };
		252782EA22EF3EF500643736 /* CollectionQuoteViewController+SearchBar.swift in Sources */ = {isa = PBXBuildFile; fileRef = 252782E922EF3EF500643736 /* CollectionQuoteViewController+SearchBar.swift */; };
		255627F022F3F57200A7A585 /* UpdateAppContextService.swift in Sources */ = {isa = PBXBuildFile; fileRef = 255627EF22F3F57200A7A585 /* UpdateAppContextService.swift */; };
		2566C28D22E4970A003BFA91 /* AppDelegate.swift in Sources */ = {isa = PBXBuildFile; fileRef = 2566C28C22E4970A003BFA91 /* AppDelegate.swift */; };
		2566C28F22E4970A003BFA91 /* QuoteViewController.swift in Sources */ = {isa = PBXBuildFile; fileRef = 2566C28E22E4970A003BFA91 /* QuoteViewController.swift */; };
		2566C29222E4970A003BFA91 /* Main.storyboard in Resources */ = {isa = PBXBuildFile; fileRef = 2566C29022E4970A003BFA91 /* Main.storyboard */; };
		2566C29522E4970A003BFA91 /* Quotes.xcdatamodeld in Sources */ = {isa = PBXBuildFile; fileRef = 2566C29322E4970A003BFA91 /* Quotes.xcdatamodeld */; };
		2566C29722E4970C003BFA91 /* Assets.xcassets in Resources */ = {isa = PBXBuildFile; fileRef = 2566C29622E4970C003BFA91 /* Assets.xcassets */; };
		2566C29A22E4970C003BFA91 /* LaunchScreen.storyboard in Resources */ = {isa = PBXBuildFile; fileRef = 2566C29822E4970C003BFA91 /* LaunchScreen.storyboard */; };
		2566C2B422E4D0B5003BFA91 /* AddQuoteViewController.swift in Sources */ = {isa = PBXBuildFile; fileRef = 2566C2B322E4D0B5003BFA91 /* AddQuoteViewController.swift */; };
		257535E922E5C77300DB2BAD /* SelectCollectionViewController.swift in Sources */ = {isa = PBXBuildFile; fileRef = 257535E822E5C77300DB2BAD /* SelectCollectionViewController.swift */; };
		2589380422E80CF4001E10FE /* CollectionViewController.swift in Sources */ = {isa = PBXBuildFile; fileRef = 2589380322E80CF4001E10FE /* CollectionViewController.swift */; };
		2589380822E81F4D001E10FE /* CollectionCollectionViewCell.swift in Sources */ = {isa = PBXBuildFile; fileRef = 2589380722E81F4D001E10FE /* CollectionCollectionViewCell.swift */; };
		2589380A22E86DAC001E10FE /* CollectionQuoteViewController.swift in Sources */ = {isa = PBXBuildFile; fileRef = 2589380922E86DAC001E10FE /* CollectionQuoteViewController.swift */; };
		258B0E4222F409D40059CF70 /* EmptyTableView.swift in Sources */ = {isa = PBXBuildFile; fileRef = 258B0E4122F409D40059CF70 /* EmptyTableView.swift */; };
		258B0E4422F40A040059CF70 /* EmptyTableView.xib in Resources */ = {isa = PBXBuildFile; fileRef = 258B0E4322F40A040059CF70 /* EmptyTableView.xib */; };
		258B0E4622F44B040059CF70 /* SyncQuotesController.swift in Sources */ = {isa = PBXBuildFile; fileRef = 258B0E4522F44B040059CF70 /* SyncQuotesController.swift */; };
		25B5D01922E95003004E5099 /* ColorThemeModel.swift in Sources */ = {isa = PBXBuildFile; fileRef = 25B5D01822E95003004E5099 /* ColorThemeModel.swift */; };
		25B5D02F22E991B8004E5099 /* AddCollectionViewController.swift in Sources */ = {isa = PBXBuildFile; fileRef = 25B5D02D22E991B8004E5099 /* AddCollectionViewController.swift */; };
		25B5D04522E9CFCB004E5099 /* EditCollectionViewController.swift in Sources */ = {isa = PBXBuildFile; fileRef = 25B5D04422E9CFCA004E5099 /* EditCollectionViewController.swift */; };
		25B9B83722FC8A17004590D0 /* ReviewService.swift in Sources */ = {isa = PBXBuildFile; fileRef = 25B9B83622FC8A17004590D0 /* ReviewService.swift */; };
		25D3572122FBFB9D0047C499 /* QuotesDetailController.swift in Sources */ = {isa = PBXBuildFile; fileRef = 25D3572022FBFB9D0047C499 /* QuotesDetailController.swift */; };
		25D3699A22F0B49900D81E76 /* CollectionModel.swift in Sources */ = {isa = PBXBuildFile; fileRef = 25D3699922F0B49900D81E76 /* CollectionModel.swift */; };
		25D3699C22F0B4A900D81E76 /* IconThemeModel.swift in Sources */ = {isa = PBXBuildFile; fileRef = 25D3699B22F0B4A900D81E76 /* IconThemeModel.swift */; };
		25D369A022F0B54E00D81E76 /* QuoteActionSheetViewController.swift in Sources */ = {isa = PBXBuildFile; fileRef = 25D3699F22F0B54E00D81E76 /* QuoteActionSheetViewController.swift */; };
		25D369A322F0B7EF00D81E76 /* EditQuoteService.swift in Sources */ = {isa = PBXBuildFile; fileRef = 25D369A222F0B7EF00D81E76 /* EditQuoteService.swift */; };
		25D369A622F0BC3200D81E76 /* QuoteActionSheetStoryboard.storyboard in Resources */ = {isa = PBXBuildFile; fileRef = 25D369A522F0BC3200D81E76 /* QuoteActionSheetStoryboard.storyboard */; };
		25D6503F22F3637D00F96DC0 /* WatchSessionManager.swift in Sources */ = {isa = PBXBuildFile; fileRef = 25D6503E22F3637D00F96DC0 /* WatchSessionManager.swift */; };
		25D6504122F3652F00F96DC0 /* WatchSessionManager.swift in Sources */ = {isa = PBXBuildFile; fileRef = 25D6504022F3652F00F96DC0 /* WatchSessionManager.swift */; };
		25EEF95122FAC3E9005C84A4 /* EmptyTableViewExtension.swift in Sources */ = {isa = PBXBuildFile; fileRef = 25EEF95022FAC3E9005C84A4 /* EmptyTableViewExtension.swift */; };
		25EEF95322FAC613005C84A4 /* NoResultTableView.xib in Resources */ = {isa = PBXBuildFile; fileRef = 25EEF95222FAC613005C84A4 /* NoResultTableView.xib */; };
		25EEF95522FACDA6005C84A4 /* NoResultTableView.swift in Sources */ = {isa = PBXBuildFile; fileRef = 25EEF95422FACDA6005C84A4 /* NoResultTableView.swift */; };
		25F0CE5022E69EA0001DE1A0 /* QuoteTableViewCell.swift in Sources */ = {isa = PBXBuildFile; fileRef = 25F0CE4E22E69EA0001DE1A0 /* QuoteTableViewCell.swift */; };
		25F5290622F9BBCD002586BC /* ShakeExtension.swift in Sources */ = {isa = PBXBuildFile; fileRef = 25F5290522F9BBCD002586BC /* ShakeExtension.swift */; };
/* End PBXBuildFile section */

/* Begin PBXContainerItemProxy section */
		2509A95E22F2E6C1008723AB /* PBXContainerItemProxy */ = {
			isa = PBXContainerItemProxy;
			containerPortal = 2566C28122E4970A003BFA91 /* Project object */;
			proxyType = 1;
			remoteGlobalIDString = 2509A95B22F2E6C1008723AB;
			remoteInfo = "Quotes Watch Extension";
		};
		2509A96B22F2E6C1008723AB /* PBXContainerItemProxy */ = {
			isa = PBXContainerItemProxy;
			containerPortal = 2566C28122E4970A003BFA91 /* Project object */;
			proxyType = 1;
			remoteGlobalIDString = 2509A94F22F2E6C0008723AB;
			remoteInfo = "Quotes Watch";
		};
/* End PBXContainerItemProxy section */

/* Begin PBXCopyFilesBuildPhase section */
		2509A97122F2E6C1008723AB /* Embed App Extensions */ = {
			isa = PBXCopyFilesBuildPhase;
			buildActionMask = 2147483647;
			dstPath = "";
			dstSubfolderSpec = 13;
			files = (
				2509A95D22F2E6C1008723AB /* Quotes Watch Extension.appex in Embed App Extensions */,
			);
			name = "Embed App Extensions";
			runOnlyForDeploymentPostprocessing = 0;
		};
		2509A97522F2E6C1008723AB /* Embed Watch Content */ = {
			isa = PBXCopyFilesBuildPhase;
			buildActionMask = 2147483647;
			dstPath = "$(CONTENTS_FOLDER_PATH)/Watch";
			dstSubfolderSpec = 16;
			files = (
				2509A96D22F2E6C1008723AB /* Quotes Watch.app in Embed Watch Content */,
			);
			name = "Embed Watch Content";
			runOnlyForDeploymentPostprocessing = 0;
		};
/* End PBXCopyFilesBuildPhase section */

/* Begin PBXFileReference section */
		2509A95022F2E6C0008723AB /* Quotes Watch.app */ = {isa = PBXFileReference; explicitFileType = wrapper.application; includeInIndex = 0; path = "Quotes Watch.app"; sourceTree = BUILT_PRODUCTS_DIR; };
		2509A95322F2E6C0008723AB /* Base */ = {isa = PBXFileReference; lastKnownFileType = file.storyboard; name = Base; path = Base.lproj/Interface.storyboard; sourceTree = "<group>"; };
		2509A95522F2E6C1008723AB /* Assets.xcassets */ = {isa = PBXFileReference; lastKnownFileType = folder.assetcatalog; path = Assets.xcassets; sourceTree = "<group>"; };
		2509A95722F2E6C1008723AB /* Info.plist */ = {isa = PBXFileReference; lastKnownFileType = text.plist.xml; path = Info.plist; sourceTree = "<group>"; };
		2509A95C22F2E6C1008723AB /* Quotes Watch Extension.appex */ = {isa = PBXFileReference; explicitFileType = "wrapper.app-extension"; includeInIndex = 0; path = "Quotes Watch Extension.appex"; sourceTree = BUILT_PRODUCTS_DIR; };
		2509A96122F2E6C1008723AB /* InterfaceController.swift */ = {isa = PBXFileReference; lastKnownFileType = sourcecode.swift; path = InterfaceController.swift; sourceTree = "<group>"; };
		2509A96322F2E6C1008723AB /* ExtensionDelegate.swift */ = {isa = PBXFileReference; lastKnownFileType = sourcecode.swift; path = ExtensionDelegate.swift; sourceTree = "<group>"; };
		2509A96522F2E6C1008723AB /* NotificationController.swift */ = {isa = PBXFileReference; lastKnownFileType = sourcecode.swift; path = NotificationController.swift; sourceTree = "<group>"; };
		2509A96722F2E6C1008723AB /* Assets.xcassets */ = {isa = PBXFileReference; lastKnownFileType = folder.assetcatalog; path = Assets.xcassets; sourceTree = "<group>"; };
		2509A96922F2E6C1008723AB /* Info.plist */ = {isa = PBXFileReference; lastKnownFileType = text.plist.xml; path = Info.plist; sourceTree = "<group>"; };
		2509A96A22F2E6C1008723AB /* PushNotificationPayload.apns */ = {isa = PBXFileReference; lastKnownFileType = text; path = PushNotificationPayload.apns; sourceTree = "<group>"; };
		2509A97622F2E76F008723AB /* QuoteTableRowController.swift */ = {isa = PBXFileReference; lastKnownFileType = sourcecode.swift; path = QuoteTableRowController.swift; sourceTree = "<group>"; };
		250DD97A22F13AD00092BF34 /* SmallIconCollectionViewCell.xib */ = {isa = PBXFileReference; fileEncoding = 4; lastKnownFileType = file.xib; path = SmallIconCollectionViewCell.xib; sourceTree = "<group>"; };
		250DD97B22F13AD00092BF34 /* SmallIconCollectionViewCell.swift */ = {isa = PBXFileReference; fileEncoding = 4; lastKnownFileType = sourcecode.swift; path = SmallIconCollectionViewCell.swift; sourceTree = "<group>"; };
		250DD98622F15F080092BF34 /* UIImageExtension.swift */ = {isa = PBXFileReference; lastKnownFileType = sourcecode.swift; path = UIImageExtension.swift; sourceTree = "<group>"; };
		250DD98922F15F300092BF34 /* UIColorExtension.swift */ = {isa = PBXFileReference; lastKnownFileType = sourcecode.swift; path = UIColorExtension.swift; sourceTree = "<group>"; };
		250DD98D22F172F90092BF34 /* EditQuoteViewController.swift */ = {isa = PBXFileReference; lastKnownFileType = sourcecode.swift; path = EditQuoteViewController.swift; sourceTree = "<group>"; };
		250DD99522F177190092BF34 /* QuoteActionSheetService.swift */ = {isa = PBXFileReference; lastKnownFileType = sourcecode.swift; path = QuoteActionSheetService.swift; sourceTree = "<group>"; };
		250DD99722F17AFC0092BF34 /* EditQuoteStoryboard.storyboard */ = {isa = PBXFileReference; fileEncoding = 4; lastKnownFileType = file.storyboard; path = EditQuoteStoryboard.storyboard; sourceTree = "<group>"; };
		250DD99922F183CD0092BF34 /* MoveCollectionStoryboard.storyboard */ = {isa = PBXFileReference; lastKnownFileType = file.storyboard; path = MoveCollectionStoryboard.storyboard; sourceTree = "<group>"; };
		250DD99B22F183E30092BF34 /* MoveCollectionViewController.swift */ = {isa = PBXFileReference; lastKnownFileType = sourcecode.swift; path = MoveCollectionViewController.swift; sourceTree = "<group>"; };
		250DD99E22F1848D0092BF34 /* AddCollectionFromMoveViewController.swift */ = {isa = PBXFileReference; lastKnownFileType = sourcecode.swift; path = AddCollectionFromMoveViewController.swift; sourceTree = "<group>"; };
		250DD9A222F19BA20092BF34 /* MoveCollectionService.swift */ = {isa = PBXFileReference; lastKnownFileType = sourcecode.swift; path = MoveCollectionService.swift; sourceTree = "<group>"; };
		250DD9A722F1BF2A0092BF34 /* CollectionActionSheetService.swift */ = {isa = PBXFileReference; lastKnownFileType = sourcecode.swift; path = CollectionActionSheetService.swift; sourceTree = "<group>"; };
		250DD9A922F1C0E20092BF34 /* CollectionActionSheetViewController.swift */ = {isa = PBXFileReference; lastKnownFileType = sourcecode.swift; path = CollectionActionSheetViewController.swift; sourceTree = "<group>"; };
		250DD9AB22F1C38E0092BF34 /* EditCollectionViewController+CollectionView.swift */ = {isa = PBXFileReference; lastKnownFileType = sourcecode.swift; path = "EditCollectionViewController+CollectionView.swift"; sourceTree = "<group>"; };
		250DD9AD22F1C44F0092BF34 /* CollectionActionSheetStoryboard.storyboard */ = {isa = PBXFileReference; lastKnownFileType = file.storyboard; path = CollectionActionSheetStoryboard.storyboard; sourceTree = "<group>"; };
		250DD9B022F1E3970092BF34 /* CollectionTableViewCell.swift */ = {isa = PBXFileReference; lastKnownFileType = sourcecode.swift; path = CollectionTableViewCell.swift; sourceTree = "<group>"; };
		2516C26B22F32302001C15B3 /* QuoteWatchModel.swift */ = {isa = PBXFileReference; lastKnownFileType = sourcecode.swift; path = QuoteWatchModel.swift; sourceTree = "<group>"; };
		2516C26D22F3234E001C15B3 /* QuoteSectionModel.swift */ = {isa = PBXFileReference; lastKnownFileType = sourcecode.swift; path = QuoteSectionModel.swift; sourceTree = "<group>"; };
		251978E322F32E7A00694308 /* ColorThemeModel.swift */ = {isa = PBXFileReference; lastKnownFileType = sourcecode.swift; path = ColorThemeModel.swift; sourceTree = "<group>"; };
		251E18B522EB41A700DEE0F3 /* FavouriteAnimator.swift */ = {isa = PBXFileReference; lastKnownFileType = sourcecode.swift; path = FavouriteAnimator.swift; sourceTree = "<group>"; };
		252782DE22EEDE4500643736 /* QuoteViewController+SearchBar.swift */ = {isa = PBXFileReference; lastKnownFileType = sourcecode.swift; path = "QuoteViewController+SearchBar.swift"; sourceTree = "<group>"; };
		252782E022EEE63300643736 /* QuoteViewController+Drag.swift */ = {isa = PBXFileReference; lastKnownFileType = sourcecode.swift; path = "QuoteViewController+Drag.swift"; sourceTree = "<group>"; };
		252782E222EEE63F00643736 /* QuoteViewController+Drop.swift */ = {isa = PBXFileReference; lastKnownFileType = sourcecode.swift; path = "QuoteViewController+Drop.swift"; sourceTree = "<group>"; };
		252782E422EF3E8C00643736 /* CollectionQuoteViewController+Drag.swift */ = {isa = PBXFileReference; lastKnownFileType = sourcecode.swift; path = "CollectionQuoteViewController+Drag.swift"; sourceTree = "<group>"; };
		252782E522EF3E8C00643736 /* CollectionQuoteViewController+Drop.swift */ = {isa = PBXFileReference; lastKnownFileType = sourcecode.swift; path = "CollectionQuoteViewController+Drop.swift"; sourceTree = "<group>"; };
		252782E922EF3EF500643736 /* CollectionQuoteViewController+SearchBar.swift */ = {isa = PBXFileReference; lastKnownFileType = sourcecode.swift; path = "CollectionQuoteViewController+SearchBar.swift"; sourceTree = "<group>"; };
		2544D9B722F9A686008A4449 /* Quotes.entitlements */ = {isa = PBXFileReference; lastKnownFileType = text.plist.entitlements; path = Quotes.entitlements; sourceTree = "<group>"; };
		2553BDAD22FDA347009E71D0 /* Quotes Watch.entitlements */ = {isa = PBXFileReference; lastKnownFileType = text.plist.entitlements; path = "Quotes Watch.entitlements"; sourceTree = "<group>"; };
		2553BDAE22FDA351009E71D0 /* Quotes Watch Extension.entitlements */ = {isa = PBXFileReference; lastKnownFileType = text.plist.entitlements; path = "Quotes Watch Extension.entitlements"; sourceTree = "<group>"; };
		255627EF22F3F57200A7A585 /* UpdateAppContextService.swift */ = {isa = PBXFileReference; lastKnownFileType = sourcecode.swift; path = UpdateAppContextService.swift; sourceTree = "<group>"; };
		2566C28922E4970A003BFA91 /* Quotes.app */ = {isa = PBXFileReference; explicitFileType = wrapper.application; includeInIndex = 0; path = Quotes.app; sourceTree = BUILT_PRODUCTS_DIR; };
		2566C28C22E4970A003BFA91 /* AppDelegate.swift */ = {isa = PBXFileReference; lastKnownFileType = sourcecode.swift; path = AppDelegate.swift; sourceTree = "<group>"; };
		2566C28E22E4970A003BFA91 /* QuoteViewController.swift */ = {isa = PBXFileReference; lastKnownFileType = sourcecode.swift; name = QuoteViewController.swift; path = ../QuoteViewController.swift; sourceTree = "<group>"; };
		2566C29122E4970A003BFA91 /* Base */ = {isa = PBXFileReference; lastKnownFileType = file.storyboard; name = Base; path = Base.lproj/Main.storyboard; sourceTree = "<group>"; };
		2566C29422E4970A003BFA91 /* Quotes.xcdatamodel */ = {isa = PBXFileReference; lastKnownFileType = wrapper.xcdatamodel; path = Quotes.xcdatamodel; sourceTree = "<group>"; };
		2566C29622E4970C003BFA91 /* Assets.xcassets */ = {isa = PBXFileReference; lastKnownFileType = folder.assetcatalog; path = Assets.xcassets; sourceTree = "<group>"; };
		2566C29922E4970C003BFA91 /* Base */ = {isa = PBXFileReference; lastKnownFileType = file.storyboard; name = Base; path = Base.lproj/LaunchScreen.storyboard; sourceTree = "<group>"; };
		2566C29B22E4970C003BFA91 /* Info.plist */ = {isa = PBXFileReference; lastKnownFileType = text.plist.xml; path = Info.plist; sourceTree = "<group>"; };
		2566C2B322E4D0B5003BFA91 /* AddQuoteViewController.swift */ = {isa = PBXFileReference; lastKnownFileType = sourcecode.swift; path = AddQuoteViewController.swift; sourceTree = "<group>"; };
		257535E822E5C77300DB2BAD /* SelectCollectionViewController.swift */ = {isa = PBXFileReference; lastKnownFileType = sourcecode.swift; path = SelectCollectionViewController.swift; sourceTree = "<group>"; };
		2589380322E80CF4001E10FE /* CollectionViewController.swift */ = {isa = PBXFileReference; lastKnownFileType = sourcecode.swift; path = CollectionViewController.swift; sourceTree = "<group>"; };
		2589380722E81F4D001E10FE /* CollectionCollectionViewCell.swift */ = {isa = PBXFileReference; lastKnownFileType = sourcecode.swift; path = CollectionCollectionViewCell.swift; sourceTree = "<group>"; };
		2589380922E86DAC001E10FE /* CollectionQuoteViewController.swift */ = {isa = PBXFileReference; lastKnownFileType = sourcecode.swift; path = CollectionQuoteViewController.swift; sourceTree = "<group>"; };
		258B0E4122F409D40059CF70 /* EmptyTableView.swift */ = {isa = PBXFileReference; lastKnownFileType = sourcecode.swift; path = EmptyTableView.swift; sourceTree = "<group>"; };
		258B0E4322F40A040059CF70 /* EmptyTableView.xib */ = {isa = PBXFileReference; lastKnownFileType = file.xib; name = EmptyTableView.xib; path = ../EmptyTableView.xib; sourceTree = "<group>"; };
		258B0E4522F44B040059CF70 /* SyncQuotesController.swift */ = {isa = PBXFileReference; lastKnownFileType = sourcecode.swift; path = SyncQuotesController.swift; sourceTree = "<group>"; };
		25B5D01822E95003004E5099 /* ColorThemeModel.swift */ = {isa = PBXFileReference; lastKnownFileType = sourcecode.swift; path = ColorThemeModel.swift; sourceTree = "<group>"; };
		25B5D02D22E991B8004E5099 /* AddCollectionViewController.swift */ = {isa = PBXFileReference; lastKnownFileType = sourcecode.swift; path = AddCollectionViewController.swift; sourceTree = "<group>"; };
		25B5D04422E9CFCA004E5099 /* EditCollectionViewController.swift */ = {isa = PBXFileReference; lastKnownFileType = sourcecode.swift; path = EditCollectionViewController.swift; sourceTree = "<group>"; };
		25B9B83622FC8A17004590D0 /* ReviewService.swift */ = {isa = PBXFileReference; lastKnownFileType = sourcecode.swift; name = ReviewService.swift; path = ../Extension/ReviewService.swift; sourceTree = "<group>"; };
		25D3572022FBFB9D0047C499 /* QuotesDetailController.swift */ = {isa = PBXFileReference; lastKnownFileType = sourcecode.swift; path = QuotesDetailController.swift; sourceTree = "<group>"; };
		25D3699922F0B49900D81E76 /* CollectionModel.swift */ = {isa = PBXFileReference; lastKnownFileType = sourcecode.swift; path = CollectionModel.swift; sourceTree = "<group>"; };
		25D3699B22F0B4A900D81E76 /* IconThemeModel.swift */ = {isa = PBXFileReference; lastKnownFileType = sourcecode.swift; path = IconThemeModel.swift; sourceTree = "<group>"; };
		25D3699F22F0B54E00D81E76 /* QuoteActionSheetViewController.swift */ = {isa = PBXFileReference; lastKnownFileType = sourcecode.swift; path = QuoteActionSheetViewController.swift; sourceTree = "<group>"; };
		25D369A222F0B7EF00D81E76 /* EditQuoteService.swift */ = {isa = PBXFileReference; lastKnownFileType = sourcecode.swift; path = EditQuoteService.swift; sourceTree = "<group>"; };
		25D369A522F0BC3200D81E76 /* QuoteActionSheetStoryboard.storyboard */ = {isa = PBXFileReference; lastKnownFileType = file.storyboard; path = QuoteActionSheetStoryboard.storyboard; sourceTree = "<group>"; };
		25D6503E22F3637D00F96DC0 /* WatchSessionManager.swift */ = {isa = PBXFileReference; lastKnownFileType = sourcecode.swift; path = WatchSessionManager.swift; sourceTree = "<group>"; };
		25D6504022F3652F00F96DC0 /* WatchSessionManager.swift */ = {isa = PBXFileReference; lastKnownFileType = sourcecode.swift; path = WatchSessionManager.swift; sourceTree = "<group>"; };
		25EEF95022FAC3E9005C84A4 /* EmptyTableViewExtension.swift */ = {isa = PBXFileReference; lastKnownFileType = sourcecode.swift; path = EmptyTableViewExtension.swift; sourceTree = "<group>"; };
		25EEF95222FAC613005C84A4 /* NoResultTableView.xib */ = {isa = PBXFileReference; lastKnownFileType = file.xib; path = NoResultTableView.xib; sourceTree = "<group>"; };
		25EEF95422FACDA6005C84A4 /* NoResultTableView.swift */ = {isa = PBXFileReference; lastKnownFileType = sourcecode.swift; path = NoResultTableView.swift; sourceTree = "<group>"; };
		25F0CE4E22E69EA0001DE1A0 /* QuoteTableViewCell.swift */ = {isa = PBXFileReference; lastKnownFileType = sourcecode.swift; path = QuoteTableViewCell.swift; sourceTree = "<group>"; };
		25F5290522F9BBCD002586BC /* ShakeExtension.swift */ = {isa = PBXFileReference; lastKnownFileType = sourcecode.swift; path = ShakeExtension.swift; sourceTree = "<group>"; };
/* End PBXFileReference section */

/* Begin PBXFrameworksBuildPhase section */
		2509A95922F2E6C1008723AB /* Frameworks */ = {
			isa = PBXFrameworksBuildPhase;
			buildActionMask = 2147483647;
			files = (
			);
			runOnlyForDeploymentPostprocessing = 0;
		};
		2566C28622E4970A003BFA91 /* Frameworks */ = {
			isa = PBXFrameworksBuildPhase;
			buildActionMask = 2147483647;
			files = (
			);
			runOnlyForDeploymentPostprocessing = 0;
		};
/* End PBXFrameworksBuildPhase section */

/* Begin PBXGroup section */
		2509A95122F2E6C0008723AB /* Quotes Watch */ = {
			isa = PBXGroup;
			children = (
				2553BDAD22FDA347009E71D0 /* Quotes Watch.entitlements */,
				2509A95222F2E6C0008723AB /* Interface.storyboard */,
				2509A95522F2E6C1008723AB /* Assets.xcassets */,
				2509A95722F2E6C1008723AB /* Info.plist */,
			);
			path = "Quotes Watch";
			sourceTree = "<group>";
		};
		2509A96022F2E6C1008723AB /* Quotes Watch Extension */ = {
			isa = PBXGroup;
			children = (
				2553BDAE22FDA351009E71D0 /* Quotes Watch Extension.entitlements */,
				2509A96322F2E6C1008723AB /* ExtensionDelegate.swift */,
				25D6504022F3652F00F96DC0 /* WatchSessionManager.swift */,
				2509A96522F2E6C1008723AB /* NotificationController.swift */,
				25D3572322FBFBB70047C499 /* Controller */,
				25D3572422FBFBC90047C499 /* Custom View */,
				2509A96722F2E6C1008723AB /* Assets.xcassets */,
				2509A96922F2E6C1008723AB /* Info.plist */,
				2509A96A22F2E6C1008723AB /* PushNotificationPayload.apns */,
				25D3572222FBFBA90047C499 /* Model */,
			);
			path = "Quotes Watch Extension";
			sourceTree = "<group>";
		};
		250DD97E22F13AD50092BF34 /* SmallIconCollectionViewCell */ = {
			isa = PBXGroup;
			children = (
				250DD97A22F13AD00092BF34 /* SmallIconCollectionViewCell.xib */,
				250DD97B22F13AD00092BF34 /* SmallIconCollectionViewCell.swift */,
			);
			path = SmallIconCollectionViewCell;
			sourceTree = "<group>";
		};
		250DD98822F15F1A0092BF34 /* Extension */ = {
			isa = PBXGroup;
			children = (
				250DD98622F15F080092BF34 /* UIImageExtension.swift */,
				250DD98922F15F300092BF34 /* UIColorExtension.swift */,
				25F5290522F9BBCD002586BC /* ShakeExtension.swift */,
			);
			path = Extension;
			sourceTree = "<group>";
		};
		250DD9B222F2023C0092BF34 /* EditCollectionViewController */ = {
			isa = PBXGroup;
			children = (
				25B5D04422E9CFCA004E5099 /* EditCollectionViewController.swift */,
				250DD9AB22F1C38E0092BF34 /* EditCollectionViewController+CollectionView.swift */,
			);
			path = EditCollectionViewController;
			sourceTree = "<group>";
		};
		250DD9B322F202710092BF34 /* CollectionTableViewCell */ = {
			isa = PBXGroup;
			children = (
				250DD9B022F1E3970092BF34 /* CollectionTableViewCell.swift */,
			);
			path = CollectionTableViewCell;
			sourceTree = "<group>";
		};
		250DD9B422F2029E0092BF34 /* MoveQuoteViewController */ = {
			isa = PBXGroup;
			children = (
				250DD99B22F183E30092BF34 /* MoveCollectionViewController.swift */,
				250DD99E22F1848D0092BF34 /* AddCollectionFromMoveViewController.swift */,
			);
			path = MoveQuoteViewController;
			sourceTree = "<group>";
		};
		252782DD22EEDE2B00643736 /* QuoteViewController */ = {
			isa = PBXGroup;
			children = (
				2566C28E22E4970A003BFA91 /* QuoteViewController.swift */,
				252782E022EEE63300643736 /* QuoteViewController+Drag.swift */,
				252782E222EEE63F00643736 /* QuoteViewController+Drop.swift */,
				252782DE22EEDE4500643736 /* QuoteViewController+SearchBar.swift */,
			);
			path = QuoteViewController;
			sourceTree = "<group>";
		};
		252782E822EF3EA400643736 /* CollectionQuoteViewController */ = {
			isa = PBXGroup;
			children = (
				2589380922E86DAC001E10FE /* CollectionQuoteViewController.swift */,
				252782E422EF3E8C00643736 /* CollectionQuoteViewController+Drag.swift */,
				252782E522EF3E8C00643736 /* CollectionQuoteViewController+Drop.swift */,
				252782E922EF3EF500643736 /* CollectionQuoteViewController+SearchBar.swift */,
			);
			path = CollectionQuoteViewController;
			sourceTree = "<group>";
		};
		2544D9B822F9A6B6008A4449 /* Frameworks */ = {
			isa = PBXGroup;
			children = (
			);
			name = Frameworks;
			sourceTree = "<group>";
		};
		2566C28022E4970A003BFA91 = {
			isa = PBXGroup;
			children = (
				2566C28B22E4970A003BFA91 /* Quotes */,
				2509A95122F2E6C0008723AB /* Quotes Watch */,
				2509A96022F2E6C1008723AB /* Quotes Watch Extension */,
				2566C28A22E4970A003BFA91 /* Products */,
				2544D9B822F9A6B6008A4449 /* Frameworks */,
			);
			sourceTree = "<group>";
		};
		2566C28A22E4970A003BFA91 /* Products */ = {
			isa = PBXGroup;
			children = (
				2566C28922E4970A003BFA91 /* Quotes.app */,
				2509A95022F2E6C0008723AB /* Quotes Watch.app */,
				2509A95C22F2E6C1008723AB /* Quotes Watch Extension.appex */,
			);
			name = Products;
			sourceTree = "<group>";
		};
		2566C28B22E4970A003BFA91 /* Quotes */ = {
			isa = PBXGroup;
			children = (
				2544D9B722F9A686008A4449 /* Quotes.entitlements */,
				25D909EA22F5D36500D8FCB6 /* Resources */,
				2566C29B22E4970C003BFA91 /* Info.plist */,
				2566C28C22E4970A003BFA91 /* AppDelegate.swift */,
				2566C2A122E49720003BFA91 /* Controllers */,
				2566C2A222E49725003BFA91 /* Views */,
				2566C2A322E49733003BFA91 /* Models */,
				25D369A422F0B7F500D81E76 /* Service */,
				250DD98822F15F1A0092BF34 /* Extension */,
				2566C29622E4970C003BFA91 /* Assets.xcassets */,
			);
			path = Quotes;
			sourceTree = "<group>";
		};
		2566C2A122E49720003BFA91 /* Controllers */ = {
			isa = PBXGroup;
			children = (
				2589380D22E86DD8001E10FE /* Quote */,
				2589380C22E86DC5001E10FE /* Collection */,
			);
			path = Controllers;
			sourceTree = "<group>";
		};
		2566C2A222E49725003BFA91 /* Views */ = {
			isa = PBXGroup;
			children = (
				2566C29822E4970C003BFA91 /* LaunchScreen.storyboard */,
				2566C29022E4970A003BFA91 /* Main.storyboard */,
				25D369A522F0BC3200D81E76 /* QuoteActionSheetStoryboard.storyboard */,
				250DD9AD22F1C44F0092BF34 /* CollectionActionSheetStoryboard.storyboard */,
				250DD99722F17AFC0092BF34 /* EditQuoteStoryboard.storyboard */,
				250DD99922F183CD0092BF34 /* MoveCollectionStoryboard.storyboard */,
				25F0CE5222E69EA4001DE1A0 /* Custom Views */,
			);
			path = Views;
			sourceTree = "<group>";
		};
		2566C2A322E49733003BFA91 /* Models */ = {
			isa = PBXGroup;
			children = (
				2566C29322E4970A003BFA91 /* Quotes.xcdatamodeld */,
				2516C26D22F3234E001C15B3 /* QuoteSectionModel.swift */,
				25D3699922F0B49900D81E76 /* CollectionModel.swift */,
				25B5D01822E95003004E5099 /* ColorThemeModel.swift */,
				25D3699B22F0B4A900D81E76 /* IconThemeModel.swift */,
			);
			path = Models;
			sourceTree = "<group>";
		};
		2589380B22E86DBB001E10FE /* AddQuoteViewController */ = {
			isa = PBXGroup;
			children = (
				2566C2B322E4D0B5003BFA91 /* AddQuoteViewController.swift */,
				257535E822E5C77300DB2BAD /* SelectCollectionViewController.swift */,
			);
			path = AddQuoteViewController;
			sourceTree = "<group>";
		};
		2589380C22E86DC5001E10FE /* Collection */ = {
			isa = PBXGroup;
			children = (
				2589380322E80CF4001E10FE /* CollectionViewController.swift */,
				25B5D02D22E991B8004E5099 /* AddCollectionViewController.swift */,
				252782E822EF3EA400643736 /* CollectionQuoteViewController */,
				250DD9B222F2023C0092BF34 /* EditCollectionViewController */,
				250DD9A922F1C0E20092BF34 /* CollectionActionSheetViewController.swift */,
			);
			path = Collection;
			sourceTree = "<group>";
		};
		2589380D22E86DD8001E10FE /* Quote */ = {
			isa = PBXGroup;
			children = (
				252782DD22EEDE2B00643736 /* QuoteViewController */,
				2589380B22E86DBB001E10FE /* AddQuoteViewController */,
				250DD9B422F2029E0092BF34 /* MoveQuoteViewController */,
				250DD98D22F172F90092BF34 /* EditQuoteViewController.swift */,
				25D3699F22F0B54E00D81E76 /* QuoteActionSheetViewController.swift */,
			);
			path = Quote;
			sourceTree = "<group>";
		};
		258B0E4722F488D50059CF70 /* EmptyTableView */ = {
			isa = PBXGroup;
			children = (
				258B0E4322F40A040059CF70 /* EmptyTableView.xib */,
				258B0E4122F409D40059CF70 /* EmptyTableView.swift */,
				25EEF95222FAC613005C84A4 /* NoResultTableView.xib */,
				25EEF95422FACDA6005C84A4 /* NoResultTableView.swift */,
				25EEF95022FAC3E9005C84A4 /* EmptyTableViewExtension.swift */,
			);
			path = EmptyTableView;
			sourceTree = "<group>";
		};
		25B5D03C22E9AE85004E5099 /* QuoteTableViewCell */ = {
			isa = PBXGroup;
			children = (
				25F0CE4E22E69EA0001DE1A0 /* QuoteTableViewCell.swift */,
			);
			path = QuoteTableViewCell;
			sourceTree = "<group>";
		};
		25B5D03F22E9AEAA004E5099 /* CollectionCollectionCell */ = {
			isa = PBXGroup;
			children = (
				2589380722E81F4D001E10FE /* CollectionCollectionViewCell.swift */,
			);
			path = CollectionCollectionCell;
			sourceTree = "<group>";
		};
		25D3572222FBFBA90047C499 /* Model */ = {
			isa = PBXGroup;
			children = (
				2516C26B22F32302001C15B3 /* QuoteWatchModel.swift */,
				251978E322F32E7A00694308 /* ColorThemeModel.swift */,
			);
			path = Model;
			sourceTree = "<group>";
		};
		25D3572322FBFBB70047C499 /* Controller */ = {
			isa = PBXGroup;
			children = (
				2509A96122F2E6C1008723AB /* InterfaceController.swift */,
				25D3572022FBFB9D0047C499 /* QuotesDetailController.swift */,
				258B0E4522F44B040059CF70 /* SyncQuotesController.swift */,
			);
			path = Controller;
			sourceTree = "<group>";
		};
		25D3572422FBFBC90047C499 /* Custom View */ = {
			isa = PBXGroup;
			children = (
				2509A97622F2E76F008723AB /* QuoteTableRowController.swift */,
			);
			path = "Custom View";
			sourceTree = "<group>";
		};
		25D369A422F0B7F500D81E76 /* Service */ = {
			isa = PBXGroup;
			children = (
				25B9B83622FC8A17004590D0 /* ReviewService.swift */,
				25D6503E22F3637D00F96DC0 /* WatchSessionManager.swift */,
				255627EF22F3F57200A7A585 /* UpdateAppContextService.swift */,
				251E18B522EB41A700DEE0F3 /* FavouriteAnimator.swift */,
				250DD99522F177190092BF34 /* QuoteActionSheetService.swift */,
				250DD9A722F1BF2A0092BF34 /* CollectionActionSheetService.swift */,
				25D369A222F0B7EF00D81E76 /* EditQuoteService.swift */,
				250DD9A222F19BA20092BF34 /* MoveCollectionService.swift */,
			);
			path = Service;
			sourceTree = "<group>";
		};
		25D909EA22F5D36500D8FCB6 /* Resources */ = {
			isa = PBXGroup;
			children = (
			);
			path = Resources;
			sourceTree = "<group>";
		};
		25F0CE5222E69EA4001DE1A0 /* Custom Views */ = {
			isa = PBXGroup;
			children = (
				25B5D03C22E9AE85004E5099 /* QuoteTableViewCell */,
				250DD9B322F202710092BF34 /* CollectionTableViewCell */,
				25B5D03F22E9AEAA004E5099 /* CollectionCollectionCell */,
				250DD97E22F13AD50092BF34 /* SmallIconCollectionViewCell */,
				258B0E4722F488D50059CF70 /* EmptyTableView */,
			);
			path = "Custom Views";
			sourceTree = "<group>";
		};
/* End PBXGroup section */

/* Begin PBXNativeTarget section */
		2509A94F22F2E6C0008723AB /* Quotes Watch */ = {
			isa = PBXNativeTarget;
			buildConfigurationList = 2509A97222F2E6C1008723AB /* Build configuration list for PBXNativeTarget "Quotes Watch" */;
			buildPhases = (
				2509A94E22F2E6C0008723AB /* Resources */,
				2509A97122F2E6C1008723AB /* Embed App Extensions */,
			);
			buildRules = (
			);
			dependencies = (
				2509A95F22F2E6C1008723AB /* PBXTargetDependency */,
			);
			name = "Quotes Watch";
			productName = "Quotes Watch";
			productReference = 2509A95022F2E6C0008723AB /* Quotes Watch.app */;
			productType = "com.apple.product-type.application.watchapp2";
		};
		2509A95B22F2E6C1008723AB /* Quotes Watch Extension */ = {
			isa = PBXNativeTarget;
			buildConfigurationList = 2509A96E22F2E6C1008723AB /* Build configuration list for PBXNativeTarget "Quotes Watch Extension" */;
			buildPhases = (
				2509A95822F2E6C1008723AB /* Sources */,
				2509A95922F2E6C1008723AB /* Frameworks */,
				2509A95A22F2E6C1008723AB /* Resources */,
			);
			buildRules = (
			);
			dependencies = (
			);
			name = "Quotes Watch Extension";
			productName = "Quotes Watch Extension";
			productReference = 2509A95C22F2E6C1008723AB /* Quotes Watch Extension.appex */;
			productType = "com.apple.product-type.watchkit2-extension";
		};
		2566C28822E4970A003BFA91 /* Quotes */ = {
			isa = PBXNativeTarget;
			buildConfigurationList = 2566C29E22E4970C003BFA91 /* Build configuration list for PBXNativeTarget "Quotes" */;
			buildPhases = (
				2566C28522E4970A003BFA91 /* Sources */,
				2566C28622E4970A003BFA91 /* Frameworks */,
				2566C28722E4970A003BFA91 /* Resources */,
				2509A97522F2E6C1008723AB /* Embed Watch Content */,
			);
			buildRules = (
			);
			dependencies = (
				2509A96C22F2E6C1008723AB /* PBXTargetDependency */,
			);
			name = Quotes;
			productName = Quotes;
			productReference = 2566C28922E4970A003BFA91 /* Quotes.app */;
			productType = "com.apple.product-type.application";
		};
/* End PBXNativeTarget section */

/* Begin PBXProject section */
		2566C28122E4970A003BFA91 /* Project object */ = {
			isa = PBXProject;
			attributes = {
				LastSwiftUpdateCheck = 1020;
				LastUpgradeCheck = 1020;
				ORGANIZATIONNAME = focus;
				TargetAttributes = {
					2509A94F22F2E6C0008723AB = {
						CreatedOnToolsVersion = 10.2.1;
						SystemCapabilities = {
							com.apple.ApplicationGroups.iOS = {
								enabled = 0;
							};
						};
					};
					2509A95B22F2E6C1008723AB = {
						CreatedOnToolsVersion = 10.2.1;
						SystemCapabilities = {
							com.apple.iCloud = {
								enabled = 0;
							};
						};
					};
					2566C28822E4970A003BFA91 = {
						CreatedOnToolsVersion = 10.2.1;
						SystemCapabilities = {
							com.apple.BackgroundModes = {
								enabled = 0;
							};
							com.apple.InAppPurchase = {
								enabled = 0;
							};
							com.apple.Push = {
								enabled = 0;
							};
							com.apple.iCloud = {
								enabled = 0;
							};
						};
					};
				};
			};
			buildConfigurationList = 2566C28422E4970A003BFA91 /* Build configuration list for PBXProject "Quotes" */;
			compatibilityVersion = "Xcode 9.3";
			developmentRegion = en;
			hasScannedForEncodings = 0;
			knownRegions = (
				en,
				Base,
			);
			mainGroup = 2566C28022E4970A003BFA91;
			productRefGroup = 2566C28A22E4970A003BFA91 /* Products */;
			projectDirPath = "";
			projectRoot = "";
			targets = (
				2566C28822E4970A003BFA91 /* Quotes */,
				2509A94F22F2E6C0008723AB /* Quotes Watch */,
				2509A95B22F2E6C1008723AB /* Quotes Watch Extension */,
			);
		};
/* End PBXProject section */

/* Begin PBXResourcesBuildPhase section */
		2509A94E22F2E6C0008723AB /* Resources */ = {
			isa = PBXResourcesBuildPhase;
			buildActionMask = 2147483647;
			files = (
				2509A95622F2E6C1008723AB /* Assets.xcassets in Resources */,
				2509A95422F2E6C0008723AB /* Interface.storyboard in Resources */,
			);
			runOnlyForDeploymentPostprocessing = 0;
		};
		2509A95A22F2E6C1008723AB /* Resources */ = {
			isa = PBXResourcesBuildPhase;
			buildActionMask = 2147483647;
			files = (
				2509A96822F2E6C1008723AB /* Assets.xcassets in Resources */,
			);
			runOnlyForDeploymentPostprocessing = 0;
		};
		2566C28722E4970A003BFA91 /* Resources */ = {
			isa = PBXResourcesBuildPhase;
			buildActionMask = 2147483647;
			files = (
				2566C29A22E4970C003BFA91 /* LaunchScreen.storyboard in Resources */,
				250DD99A22F183CD0092BF34 /* MoveCollectionStoryboard.storyboard in Resources */,
				2566C29722E4970C003BFA91 /* Assets.xcassets in Resources */,
				250DD99822F17AFC0092BF34 /* EditQuoteStoryboard.storyboard in Resources */,
				2566C29222E4970A003BFA91 /* Main.storyboard in Resources */,
				250DD9AE22F1C44F0092BF34 /* CollectionActionSheetStoryboard.storyboard in Resources */,
				25D369A622F0BC3200D81E76 /* QuoteActionSheetStoryboard.storyboard in Resources */,
				25EEF95322FAC613005C84A4 /* NoResultTableView.xib in Resources */,
				258B0E4422F40A040059CF70 /* EmptyTableView.xib in Resources */,
				250DD97C22F13AD00092BF34 /* SmallIconCollectionViewCell.xib in Resources */,
			);
			runOnlyForDeploymentPostprocessing = 0;
		};
/* End PBXResourcesBuildPhase section */

/* Begin PBXSourcesBuildPhase section */
		2509A95822F2E6C1008723AB /* Sources */ = {
			isa = PBXSourcesBuildPhase;
			buildActionMask = 2147483647;
			files = (
				2509A96622F2E6C1008723AB /* NotificationController.swift in Sources */,
				25D3572122FBFB9D0047C499 /* QuotesDetailController.swift in Sources */,
				2509A96422F2E6C1008723AB /* ExtensionDelegate.swift in Sources */,
				2509A97722F2E76F008723AB /* QuoteTableRowController.swift in Sources */,
				2509A96222F2E6C1008723AB /* InterfaceController.swift in Sources */,
				2516C26C22F32302001C15B3 /* QuoteWatchModel.swift in Sources */,
				251978E422F32E7A00694308 /* ColorThemeModel.swift in Sources */,
				25D6504122F3652F00F96DC0 /* WatchSessionManager.swift in Sources */,
				258B0E4622F44B040059CF70 /* SyncQuotesController.swift in Sources */,
			);
			runOnlyForDeploymentPostprocessing = 0;
		};
		2566C28522E4970A003BFA91 /* Sources */ = {
			isa = PBXSourcesBuildPhase;
			buildActionMask = 2147483647;
			files = (
				250DD97D22F13AD00092BF34 /* SmallIconCollectionViewCell.swift in Sources */,
				25D369A022F0B54E00D81E76 /* QuoteActionSheetViewController.swift in Sources */,
				25B9B83722FC8A17004590D0 /* ReviewService.swift in Sources */,
				2566C28F22E4970A003BFA91 /* QuoteViewController.swift in Sources */,
				25EEF95122FAC3E9005C84A4 /* EmptyTableViewExtension.swift in Sources */,
				2566C2B422E4D0B5003BFA91 /* AddQuoteViewController.swift in Sources */,
				252782E322EEE63F00643736 /* QuoteViewController+Drop.swift in Sources */,
				250DD99F22F1848D0092BF34 /* AddCollectionFromMoveViewController.swift in Sources */,
				251E18B622EB41A700DEE0F3 /* FavouriteAnimator.swift in Sources */,
				250DD9B122F1E3970092BF34 /* CollectionTableViewCell.swift in Sources */,
				25F5290622F9BBCD002586BC /* ShakeExtension.swift in Sources */,
				252782E122EEE63300643736 /* QuoteViewController+Drag.swift in Sources */,
				25B5D02F22E991B8004E5099 /* AddCollectionViewController.swift in Sources */,
				258B0E4222F409D40059CF70 /* EmptyTableView.swift in Sources */,
				25EEF95522FACDA6005C84A4 /* NoResultTableView.swift in Sources */,
				2589380A22E86DAC001E10FE /* CollectionQuoteViewController.swift in Sources */,
				25D6503F22F3637D00F96DC0 /* WatchSessionManager.swift in Sources */,
				250DD9AA22F1C0E20092BF34 /* CollectionActionSheetViewController.swift in Sources */,
				250DD9A322F19BA20092BF34 /* MoveCollectionService.swift in Sources */,
				250DD98722F15F080092BF34 /* UIImageExtension.swift in Sources */,
				250DD9AC22F1C38E0092BF34 /* EditCollectionViewController+CollectionView.swift in Sources */,
				25D3699A22F0B49900D81E76 /* CollectionModel.swift in Sources */,
				250DD99622F1771A0092BF34 /* QuoteActionSheetService.swift in Sources */,
				2566C29522E4970A003BFA91 /* Quotes.xcdatamodeld in Sources */,
				25B5D04522E9CFCB004E5099 /* EditCollectionViewController.swift in Sources */,
				25D3699C22F0B4A900D81E76 /* IconThemeModel.swift in Sources */,
				250DD98A22F15F300092BF34 /* UIColorExtension.swift in Sources */,
				255627F022F3F57200A7A585 /* UpdateAppContextService.swift in Sources */,
				252782E722EF3E8C00643736 /* CollectionQuoteViewController+Drag.swift in Sources */,
				2516C26E22F3234E001C15B3 /* QuoteSectionModel.swift in Sources */,
				25B5D01922E95003004E5099 /* ColorThemeModel.swift in Sources */,
				252782EA22EF3EF500643736 /* CollectionQuoteViewController+SearchBar.swift in Sources */,
				257535E922E5C77300DB2BAD /* SelectCollectionViewController.swift in Sources */,
				25D369A322F0B7EF00D81E76 /* EditQuoteService.swift in Sources */,
				250DD9A822F1BF2A0092BF34 /* CollectionActionSheetService.swift in Sources */,
				2589380822E81F4D001E10FE /* CollectionCollectionViewCell.swift in Sources */,
				250DD98E22F172F90092BF34 /* EditQuoteViewController.swift in Sources */,
				252782DF22EEDE4500643736 /* QuoteViewController+SearchBar.swift in Sources */,
				25F0CE5022E69EA0001DE1A0 /* QuoteTableViewCell.swift in Sources */,
				2566C28D22E4970A003BFA91 /* AppDelegate.swift in Sources */,
				250DD99C22F183E30092BF34 /* MoveCollectionViewController.swift in Sources */,
				252782E622EF3E8C00643736 /* CollectionQuoteViewController+Drop.swift in Sources */,
				2589380422E80CF4001E10FE /* CollectionViewController.swift in Sources */,
			);
			runOnlyForDeploymentPostprocessing = 0;
		};
/* End PBXSourcesBuildPhase section */

/* Begin PBXTargetDependency section */
		2509A95F22F2E6C1008723AB /* PBXTargetDependency */ = {
			isa = PBXTargetDependency;
			target = 2509A95B22F2E6C1008723AB /* Quotes Watch Extension */;
			targetProxy = 2509A95E22F2E6C1008723AB /* PBXContainerItemProxy */;
		};
		2509A96C22F2E6C1008723AB /* PBXTargetDependency */ = {
			isa = PBXTargetDependency;
			target = 2509A94F22F2E6C0008723AB /* Quotes Watch */;
			targetProxy = 2509A96B22F2E6C1008723AB /* PBXContainerItemProxy */;
		};
/* End PBXTargetDependency section */

/* Begin PBXVariantGroup section */
		2509A95222F2E6C0008723AB /* Interface.storyboard */ = {
			isa = PBXVariantGroup;
			children = (
				2509A95322F2E6C0008723AB /* Base */,
			);
			name = Interface.storyboard;
			sourceTree = "<group>";
		};
		2566C29022E4970A003BFA91 /* Main.storyboard */ = {
			isa = PBXVariantGroup;
			children = (
				2566C29122E4970A003BFA91 /* Base */,
			);
			name = Main.storyboard;
			sourceTree = "<group>";
		};
		2566C29822E4970C003BFA91 /* LaunchScreen.storyboard */ = {
			isa = PBXVariantGroup;
			children = (
				2566C29922E4970C003BFA91 /* Base */,
			);
			name = LaunchScreen.storyboard;
			sourceTree = "<group>";
		};
/* End PBXVariantGroup section */

/* Begin XCBuildConfiguration section */
		2509A96F22F2E6C1008723AB /* Debug */ = {
			isa = XCBuildConfiguration;
			buildSettings = {
				ASSETCATALOG_COMPILER_COMPLICATION_NAME = Complication;
				CODE_SIGN_STYLE = Automatic;
				DEVELOPMENT_TEAM = PJJ3VQZGFP;
				INFOPLIST_FILE = "Quotes Watch Extension/Info.plist";
				LD_RUNPATH_SEARCH_PATHS = (
					"$(inherited)",
					"@executable_path/Frameworks",
					"@executable_path/../../Frameworks",
				);
				PRODUCT_BUNDLE_IDENTIFIER = com.focusios.Quotes.watchkitapp.watchkitextension;
				PRODUCT_NAME = "${TARGET_NAME}";
				SDKROOT = watchos;
				SKIP_INSTALL = YES;
				SWIFT_VERSION = 5.0;
				TARGETED_DEVICE_FAMILY = 4;
				WATCHOS_DEPLOYMENT_TARGET = 5.0;
			};
			name = Debug;
		};
		2509A97022F2E6C1008723AB /* Release */ = {
			isa = XCBuildConfiguration;
			buildSettings = {
				ASSETCATALOG_COMPILER_COMPLICATION_NAME = Complication;
				CODE_SIGN_STYLE = Automatic;
				DEVELOPMENT_TEAM = PJJ3VQZGFP;
				INFOPLIST_FILE = "Quotes Watch Extension/Info.plist";
				LD_RUNPATH_SEARCH_PATHS = (
					"$(inherited)",
					"@executable_path/Frameworks",
					"@executable_path/../../Frameworks",
				);
				PRODUCT_BUNDLE_IDENTIFIER = com.focusios.Quotes.watchkitapp.watchkitextension;
				PRODUCT_NAME = "${TARGET_NAME}";
				SDKROOT = watchos;
				SKIP_INSTALL = YES;
				SWIFT_VERSION = 5.0;
				TARGETED_DEVICE_FAMILY = 4;
				WATCHOS_DEPLOYMENT_TARGET = 5.0;
			};
			name = Release;
		};
		2509A97322F2E6C1008723AB /* Debug */ = {
			isa = XCBuildConfiguration;
			buildSettings = {
				ALWAYS_EMBED_SWIFT_STANDARD_LIBRARIES = YES;
				ASSETCATALOG_COMPILER_APPICON_NAME = AppIcon;
				CODE_SIGN_STYLE = Automatic;
				DEVELOPMENT_TEAM = PJJ3VQZGFP;
				IBSC_MODULE = Quotes_Watch_Extension;
				INFOPLIST_FILE = "Quotes Watch/Info.plist";
				PRODUCT_BUNDLE_IDENTIFIER = com.focusios.Quotes.watchkitapp;
				PRODUCT_NAME = "$(TARGET_NAME)";
				SDKROOT = watchos;
				SKIP_INSTALL = YES;
				SWIFT_VERSION = 5.0;
				TARGETED_DEVICE_FAMILY = 4;
				WATCHOS_DEPLOYMENT_TARGET = 5.0;
			};
			name = Debug;
		};
		2509A97422F2E6C1008723AB /* Release */ = {
			isa = XCBuildConfiguration;
			buildSettings = {
				ALWAYS_EMBED_SWIFT_STANDARD_LIBRARIES = YES;
				ASSETCATALOG_COMPILER_APPICON_NAME = AppIcon;
				CODE_SIGN_STYLE = Automatic;
				DEVELOPMENT_TEAM = PJJ3VQZGFP;
				IBSC_MODULE = Quotes_Watch_Extension;
				INFOPLIST_FILE = "Quotes Watch/Info.plist";
				PRODUCT_BUNDLE_IDENTIFIER = com.focusios.Quotes.watchkitapp;
				PRODUCT_NAME = "$(TARGET_NAME)";
				SDKROOT = watchos;
				SKIP_INSTALL = YES;
				SWIFT_VERSION = 5.0;
				TARGETED_DEVICE_FAMILY = 4;
				WATCHOS_DEPLOYMENT_TARGET = 5.0;
			};
			name = Release;
		};
		2566C29C22E4970C003BFA91 /* Debug */ = {
			isa = XCBuildConfiguration;
			buildSettings = {
				ALWAYS_SEARCH_USER_PATHS = NO;
				CLANG_ANALYZER_NONNULL = YES;
				CLANG_ANALYZER_NUMBER_OBJECT_CONVERSION = YES_AGGRESSIVE;
				CLANG_CXX_LANGUAGE_STANDARD = "gnu++14";
				CLANG_CXX_LIBRARY = "libc++";
				CLANG_ENABLE_MODULES = YES;
				CLANG_ENABLE_OBJC_ARC = YES;
				CLANG_ENABLE_OBJC_WEAK = YES;
				CLANG_WARN_BLOCK_CAPTURE_AUTORELEASING = YES;
				CLANG_WARN_BOOL_CONVERSION = YES;
				CLANG_WARN_COMMA = YES;
				CLANG_WARN_CONSTANT_CONVERSION = YES;
				CLANG_WARN_DEPRECATED_OBJC_IMPLEMENTATIONS = YES;
				CLANG_WARN_DIRECT_OBJC_ISA_USAGE = YES_ERROR;
				CLANG_WARN_DOCUMENTATION_COMMENTS = YES;
				CLANG_WARN_EMPTY_BODY = YES;
				CLANG_WARN_ENUM_CONVERSION = YES;
				CLANG_WARN_INFINITE_RECURSION = YES;
				CLANG_WARN_INT_CONVERSION = YES;
				CLANG_WARN_NON_LITERAL_NULL_CONVERSION = YES;
				CLANG_WARN_OBJC_IMPLICIT_RETAIN_SELF = YES;
				CLANG_WARN_OBJC_LITERAL_CONVERSION = YES;
				CLANG_WARN_OBJC_ROOT_CLASS = YES_ERROR;
				CLANG_WARN_RANGE_LOOP_ANALYSIS = YES;
				CLANG_WARN_STRICT_PROTOTYPES = YES;
				CLANG_WARN_SUSPICIOUS_MOVE = YES;
				CLANG_WARN_UNGUARDED_AVAILABILITY = YES_AGGRESSIVE;
				CLANG_WARN_UNREACHABLE_CODE = YES;
				CLANG_WARN__DUPLICATE_METHOD_MATCH = YES;
				CODE_SIGN_IDENTITY = "iPhone Developer";
				COPY_PHASE_STRIP = NO;
				DEBUG_INFORMATION_FORMAT = dwarf;
				ENABLE_STRICT_OBJC_MSGSEND = YES;
				ENABLE_TESTABILITY = YES;
				GCC_C_LANGUAGE_STANDARD = gnu11;
				GCC_DYNAMIC_NO_PIC = NO;
				GCC_NO_COMMON_BLOCKS = YES;
				GCC_OPTIMIZATION_LEVEL = 0;
				GCC_PREPROCESSOR_DEFINITIONS = (
					"DEBUG=1",
					"$(inherited)",
				);
				GCC_WARN_64_TO_32_BIT_CONVERSION = YES;
				GCC_WARN_ABOUT_RETURN_TYPE = YES_ERROR;
				GCC_WARN_UNDECLARED_SELECTOR = YES;
				GCC_WARN_UNINITIALIZED_AUTOS = YES_AGGRESSIVE;
				GCC_WARN_UNUSED_FUNCTION = YES;
				GCC_WARN_UNUSED_VARIABLE = YES;
				IPHONEOS_DEPLOYMENT_TARGET = 12.2;
				MTL_ENABLE_DEBUG_INFO = INCLUDE_SOURCE;
				MTL_FAST_MATH = YES;
				ONLY_ACTIVE_ARCH = YES;
				SDKROOT = iphoneos;
				SWIFT_ACTIVE_COMPILATION_CONDITIONS = DEBUG;
				SWIFT_OPTIMIZATION_LEVEL = "-Onone";
			};
			name = Debug;
		};
		2566C29D22E4970C003BFA91 /* Release */ = {
			isa = XCBuildConfiguration;
			buildSettings = {
				ALWAYS_SEARCH_USER_PATHS = NO;
				CLANG_ANALYZER_NONNULL = YES;
				CLANG_ANALYZER_NUMBER_OBJECT_CONVERSION = YES_AGGRESSIVE;
				CLANG_CXX_LANGUAGE_STANDARD = "gnu++14";
				CLANG_CXX_LIBRARY = "libc++";
				CLANG_ENABLE_MODULES = YES;
				CLANG_ENABLE_OBJC_ARC = YES;
				CLANG_ENABLE_OBJC_WEAK = YES;
				CLANG_WARN_BLOCK_CAPTURE_AUTORELEASING = YES;
				CLANG_WARN_BOOL_CONVERSION = YES;
				CLANG_WARN_COMMA = YES;
				CLANG_WARN_CONSTANT_CONVERSION = YES;
				CLANG_WARN_DEPRECATED_OBJC_IMPLEMENTATIONS = YES;
				CLANG_WARN_DIRECT_OBJC_ISA_USAGE = YES_ERROR;
				CLANG_WARN_DOCUMENTATION_COMMENTS = YES;
				CLANG_WARN_EMPTY_BODY = YES;
				CLANG_WARN_ENUM_CONVERSION = YES;
				CLANG_WARN_INFINITE_RECURSION = YES;
				CLANG_WARN_INT_CONVERSION = YES;
				CLANG_WARN_NON_LITERAL_NULL_CONVERSION = YES;
				CLANG_WARN_OBJC_IMPLICIT_RETAIN_SELF = YES;
				CLANG_WARN_OBJC_LITERAL_CONVERSION = YES;
				CLANG_WARN_OBJC_ROOT_CLASS = YES_ERROR;
				CLANG_WARN_RANGE_LOOP_ANALYSIS = YES;
				CLANG_WARN_STRICT_PROTOTYPES = YES;
				CLANG_WARN_SUSPICIOUS_MOVE = YES;
				CLANG_WARN_UNGUARDED_AVAILABILITY = YES_AGGRESSIVE;
				CLANG_WARN_UNREACHABLE_CODE = YES;
				CLANG_WARN__DUPLICATE_METHOD_MATCH = YES;
				CODE_SIGN_IDENTITY = "iPhone Developer";
				COPY_PHASE_STRIP = NO;
				DEBUG_INFORMATION_FORMAT = "dwarf-with-dsym";
				ENABLE_NS_ASSERTIONS = NO;
				ENABLE_STRICT_OBJC_MSGSEND = YES;
				GCC_C_LANGUAGE_STANDARD = gnu11;
				GCC_NO_COMMON_BLOCKS = YES;
				GCC_WARN_64_TO_32_BIT_CONVERSION = YES;
				GCC_WARN_ABOUT_RETURN_TYPE = YES_ERROR;
				GCC_WARN_UNDECLARED_SELECTOR = YES;
				GCC_WARN_UNINITIALIZED_AUTOS = YES_AGGRESSIVE;
				GCC_WARN_UNUSED_FUNCTION = YES;
				GCC_WARN_UNUSED_VARIABLE = YES;
				IPHONEOS_DEPLOYMENT_TARGET = 12.2;
				MTL_ENABLE_DEBUG_INFO = NO;
				MTL_FAST_MATH = YES;
				SDKROOT = iphoneos;
				SWIFT_COMPILATION_MODE = wholemodule;
				SWIFT_OPTIMIZATION_LEVEL = "-O";
				VALIDATE_PRODUCT = YES;
			};
			name = Release;
		};
		2566C29F22E4970C003BFA91 /* Debug */ = {
			isa = XCBuildConfiguration;
			buildSettings = {
				ASSETCATALOG_COMPILER_APPICON_NAME = AppIcon;
				CODE_SIGN_IDENTITY = "iPhone Developer";
				CODE_SIGN_STYLE = Automatic;
				DEVELOPMENT_TEAM = PJJ3VQZGFP;
				INFOPLIST_FILE = Quotes/Info.plist;
				IPHONEOS_DEPLOYMENT_TARGET = 11.0;
				LD_RUNPATH_SEARCH_PATHS = (
					"$(inherited)",
					"@executable_path/Frameworks",
				);
				PRODUCT_BUNDLE_IDENTIFIER = com.focusios.Quotes;
				PRODUCT_NAME = "$(TARGET_NAME)";
				PROVISIONING_PROFILE_SPECIFIER = "";
				SWIFT_VERSION = 5.0;
				TARGETED_DEVICE_FAMILY = 1;
			};
			name = Debug;
		};
		2566C2A022E4970C003BFA91 /* Release */ = {
			isa = XCBuildConfiguration;
			buildSettings = {
				ASSETCATALOG_COMPILER_APPICON_NAME = AppIcon;
				CODE_SIGN_IDENTITY = "iPhone Developer";
				CODE_SIGN_STYLE = Automatic;
				DEVELOPMENT_TEAM = PJJ3VQZGFP;
				INFOPLIST_FILE = Quotes/Info.plist;
				IPHONEOS_DEPLOYMENT_TARGET = 11.0;
				LD_RUNPATH_SEARCH_PATHS = (
					"$(inherited)",
					"@executable_path/Frameworks",
				);
				PRODUCT_BUNDLE_IDENTIFIER = com.focusios.Quotes;
				PRODUCT_NAME = "$(TARGET_NAME)";
				PROVISIONING_PROFILE_SPECIFIER = "";
				SWIFT_VERSION = 5.0;
				TARGETED_DEVICE_FAMILY = 1;
			};
			name = Release;
		};
/* End XCBuildConfiguration section */

/* Begin XCConfigurationList section */
		2509A96E22F2E6C1008723AB /* Build configuration list for PBXNativeTarget "Quotes Watch Extension" */ = {
			isa = XCConfigurationList;
			buildConfigurations = (
				2509A96F22F2E6C1008723AB /* Debug */,
				2509A97022F2E6C1008723AB /* Release */,
			);
			defaultConfigurationIsVisible = 0;
			defaultConfigurationName = Release;
		};
		2509A97222F2E6C1008723AB /* Build configuration list for PBXNativeTarget "Quotes Watch" */ = {
			isa = XCConfigurationList;
			buildConfigurations = (
				2509A97322F2E6C1008723AB /* Debug */,
				2509A97422F2E6C1008723AB /* Release */,
			);
			defaultConfigurationIsVisible = 0;
			defaultConfigurationName = Release;
		};
		2566C28422E4970A003BFA91 /* Build configuration list for PBXProject "Quotes" */ = {
			isa = XCConfigurationList;
			buildConfigurations = (
				2566C29C22E4970C003BFA91 /* Debug */,
				2566C29D22E4970C003BFA91 /* Release */,
			);
			defaultConfigurationIsVisible = 0;
			defaultConfigurationName = Release;
		};
		2566C29E22E4970C003BFA91 /* Build configuration list for PBXNativeTarget "Quotes" */ = {
			isa = XCConfigurationList;
			buildConfigurations = (
				2566C29F22E4970C003BFA91 /* Debug */,
				2566C2A022E4970C003BFA91 /* Release */,
			);
			defaultConfigurationIsVisible = 0;
			defaultConfigurationName = Release;
		};
/* End XCConfigurationList section */

/* Begin XCVersionGroup section */
		2566C29322E4970A003BFA91 /* Quotes.xcdatamodeld */ = {
			isa = XCVersionGroup;
			children = (
				2566C29422E4970A003BFA91 /* Quotes.xcdatamodel */,
			);
			currentVersion = 2566C29422E4970A003BFA91 /* Quotes.xcdatamodel */;
			path = Quotes.xcdatamodeld;
			sourceTree = "<group>";
			versionGroupType = wrapper.xcdatamodel;
		};
/* End XCVersionGroup section */
	};
	rootObject = 2566C28122E4970A003BFA91 /* Project object */;
}
